
Microsoft Visual Studio Solution File, Format Version 12.00
# Visual Studio Version 17
VisualStudioVersion = 17.11.35312.102
MinimumVisualStudioVersion = 10.0.40219.1
Project("{9A19103F-16F7-4668-BE54-9A1E7A4F7556}") = "Marketplace", "Marketplace.csproj", "{032DB74D-71B9-41F9-A872-71D82DEAAA53}"
EndProject
Project("{9A19103F-16F7-4668-BE54-9A1E7A4F7556}") = "BusinessLogic", "BusinessLogic\BusinessLogic.csproj", "{A8CF9F4A-5EAE-415A-81B2-8C39A70B6F79}"
EndProject
Project("{9A19103F-16F7-4668-BE54-9A1E7A4F7556}") = "DataAccess", "DataAccess\DataAccess.csproj", "{523059BF-7C73-4F3B-83AB-4EAF8E964BAF}"
EndProject
Project("{9A19103F-16F7-4668-BE54-9A1E7A4F7556}") = "Domain", "Domain\Domain.csproj", "{A8F373AD-9C86-4249-87E7-FB85F6A08B84}"
EndProject
Global
	GlobalSection(SolutionConfigurationPlatforms) = preSolution
		Debug|Any CPU = Debug|Any CPU
		Release|Any CPU = Release|Any CPU
	EndGlobalSection
	GlobalSection(ProjectConfigurationPlatforms) = postSolution
		{032DB74D-71B9-41F9-A872-71D82DEAAA53}.Debug|Any CPU.ActiveCfg = Debug|Any CPU
		{032DB74D-71B9-41F9-A872-71D82DEAAA53}.Debug|Any CPU.Build.0 = Debug|Any CPU
		{032DB74D-71B9-41F9-A872-71D82DEAAA53}.Release|Any CPU.ActiveCfg = Release|Any CPU
		{032DB74D-71B9-41F9-A872-71D82DEAAA53}.Release|Any CPU.Build.0 = Release|Any CPU
		{A8CF9F4A-5EAE-415A-81B2-8C39A70B6F79}.Debug|Any CPU.ActiveCfg = Debug|Any CPU
		{A8CF9F4A-5EAE-415A-81B2-8C39A70B6F79}.Debug|Any CPU.Build.0 = Debug|Any CPU
		{A8CF9F4A-5EAE-415A-81B2-8C39A70B6F79}.Release|Any CPU.ActiveCfg = Release|Any CPU
		{A8CF9F4A-5EAE-415A-81B2-8C39A70B6F79}.Release|Any CPU.Build.0 = Release|Any CPU
		{523059BF-7C73-4F3B-83AB-4EAF8E964BAF}.Debug|Any CPU.ActiveCfg = Debug|Any CPU
		{523059BF-7C73-4F3B-83AB-4EAF8E964BAF}.Debug|Any CPU.Build.0 = Debug|Any CPU
		{523059BF-7C73-4F3B-83AB-4EAF8E964BAF}.Release|Any CPU.ActiveCfg = Release|Any CPU
		{523059BF-7C73-4F3B-83AB-4EAF8E964BAF}.Release|Any CPU.Build.0 = Release|Any CPU
		{A8F373AD-9C86-4249-87E7-FB85F6A08B84}.Debug|Any CPU.ActiveCfg = Debug|Any CPU
		{A8F373AD-9C86-4249-87E7-FB85F6A08B84}.Debug|Any CPU.Build.0 = Debug|Any CPU
		{A8F373AD-9C86-4249-87E7-FB85F6A08B84}.Release|Any CPU.ActiveCfg = Release|Any CPU
		{A8F373AD-9C86-4249-87E7-FB85F6A08B84}.Release|Any CPU.Build.0 = Release|Any CPU
	EndGlobalSection
	GlobalSection(SolutionProperties) = preSolution
		HideSolutionNode = FALSE
	EndGlobalSection
	GlobalSection(ExtensibilityGlobals) = postSolution
		SolutionGuid = {103BEFDA-F97D-4D76-AD9E-31C2623351D7}
	EndGlobalSection
EndGlobal
